<?xml version="1.0" encoding="utf-8"?>
<Project ToolsVersion="4.0" xmlns="http://schemas.microsoft.com/developer/msbuild/2003">
  <ItemGroup>
    <Filter Include="Source Files">
      <UniqueIdentifier>{4FC737F1-C7A5-4376-A066-2A32D752A2FF}</UniqueIdentifier>
      <Extensions>cpp;c;cc;cxx;c++;cppm;ixx;def;odl;idl;hpj;bat;asm;asmx</Extensions>
    </Filter>
    <Filter Include="Header Files">
      <UniqueIdentifier>{93995380-89BD-4b04-88EB-625FBE52EBFB}</UniqueIdentifier>
      <Extensions>h;hh;hpp;hxx;h++;hm;inl;inc;ipp;xsd</Extensions>
    </Filter>
    <Filter Include="Resource Files">
      <UniqueIdentifier>{67DA6AB6-F800-4c08-8B7A-83BB121AAD01}</UniqueIdentifier>
      <Extensions>rc;ico;cur;bmp;dlg;rc2;rct;bin;rgs;gif;jpg;jpeg;jpe;resx;tiff;tif;png;wav;mfcribbon-ms</Extensions>
    </Filter>
  </ItemGroup>
  <ItemGroup>
    <ClInclude Include="src\runner\Application.h">
      <Filter>Header Files</Filter>
    </ClInclude>
    <ClInclude Include="src\entities\player\Bomber.h">
      <Filter>Header Files</Filter>
    </ClInclude>
    <ClInclude Include="src\graphics\sprite\SpriteSheet.h">
      <Filter>Header Files</Filter>
    </ClInclude>
    <ClInclude Include="src\graphics\map\map.h">
      <Filter>Header Files</Filter>
    </ClInclude>
    <ClInclude Include="src\entities\object\Object.h">
      <Filter>Header Files</Filter>
    </ClInclude>
    <ClInclude Include="src\entities\brick\brick.h">
      <Filter>Header Files</Filter>
    </ClInclude>
    <ClInclude Include="src\graphics\sprite\Sprite.h">
      <Filter>Header Files</Filter>
    </ClInclude>
    <ClInclude Include="src\entities\wall\wall.h">
      <Filter>Header Files</Filter>
    </ClInclude>
    <ClInclude Include="src\entities\bomb\bomb.h">
      <Filter>Header Files</Filter>
    </ClInclude>
    <ClInclude Include="src\entities\explosion\explosion.h">
      <Filter>Header Files</Filter>
    </ClInclude>
    <ClInclude Include="src\entities\baloon\baloon.h">
      <Filter>Header Files</Filter>
    </ClInclude>
    <ClInclude Include="src\entities\oneal\oneal.h">
      <Filter>Header Files</Filter>
    </ClInclude>
    <ClInclude Include="src\entities\AI\ai.h">
      <Filter>Header Files</Filter>
    </ClInclude>
    <ClInclude Include="src\graphics\menu\menu.h">
      <Filter>Header Files</Filter>
    </ClInclude>
  </ItemGroup>
  <ItemGroup>
    <ClCompile Include="src\main.cpp">
      <Filter>Source Files</Filter>
    </ClCompile>
    <ClCompile Include="src\runner\Application.cpp">
      <Filter>Source Files</Filter>
    </ClCompile>
    <ClCompile Include="src\entities\player\Bomber.cpp">
      <Filter>Source Files</Filter>
    </ClCompile>
    <ClCompile Include="src\graphics\sprite\SpriteSheet.cpp">
      <Filter>Source Files</Filter>
    </ClCompile>
    <ClCompile Include="src\graphics\map\map.cpp">
      <Filter>Source Files</Filter>
    </ClCompile>
    <ClCompile Include="src\entities\object\Object.cpp">
      <Filter>Source Files</Filter>
    </ClCompile>
    <ClCompile Include="src\entities\brick\brick.cpp">
      <Filter>Source Files</Filter>
    </ClCompile>
    <ClCompile Include="src\graphics\sprite\Sprite.cpp">
      <Filter>Source Files</Filter>
    </ClCompile>
    <ClCompile Include="src\entities\wall\wall.cpp">
      <Filter>Source Files</Filter>
    </ClCompile>
    <ClCompile Include="src\entities\bomb\bomb.cpp">
      <Filter>Source Files</Filter>
    </ClCompile>
    <ClCompile Include="src\entities\explosion\explosion.cpp">
      <Filter>Source Files</Filter>
    </ClCompile>
    <ClCompile Include="src\entities\baloon\baloon.cpp">
      <Filter>Source Files</Filter>
    </ClCompile>
    <ClCompile Include="src\entities\oneal\oneal.cpp">
      <Filter>Source Files</Filter>
    </ClCompile>
    <ClCompile Include="src\entities\AI\ai.cpp">
      <Filter>Source Files</Filter>
    </ClCompile>
    <ClCompile Include="src\graphics\menu\menu.cpp">
      <Filter>Source Files</Filter>
    </ClCompile>
  </ItemGroup>
  <ItemGroup>
    <None Include="assets\textures\classic.pdn" />
  </ItemGroup>
  <ItemGroup>
    <Image Include="assets\textures\classic.png">
      <Filter>Resource Files</Filter>
    </Image>
    <Image Include="assets\classic.png">
      <Filter>Resource Files</Filter>
    </Image>
    <Image Include="assets\demo.png">
      <Filter>Resource Files</Filter>
    </Image>
    <Image Include="assets\stick_figure.bmp">
      <Filter>Resource Files</Filter>
    </Image>
    <Image Include="assets\texture\classic.png">
      <Filter>Resource Files</Filter>
    </Image>
    <Image Include="assets\texture\stick_figure.png">
      <Filter>Resource Files</Filter>
    </Image>
    <Image Include="assets\texture\Player.png">
      <Filter>Resource Files</Filter>
    </Image>
    <Image Include="assets\texture\Grass.png">
      <Filter>Resource Files</Filter>
    </Image>
    <Image Include="assets\texture\wall.png">
      <Filter>Resource Files</Filter>
    </Image>
  </ItemGroup>
  <ItemGroup>
    <Text Include="src\levels\level1.txt" />
    <Text Include="src\levels\level2.txt" />
  </ItemGroup>
  <ItemGroup>
    <Font Include="assets\fonts\ARIAL.TTF" />
    <Font Include="assets\fonts\ARCADECLASSIC.TTF" />
  </ItemGroup>
</Project>